
Microsoft Visual Studio Solution File, Format Version 10.00
# Visual Studio 2008
Project("{FAE04EC0-301F-11D3-BF4B-00C04F79EFBC}") = "ChinhDo.Transactions.FileManager", "ChinhDo.Transactions.FileManager\ChinhDo.Transactions.FileManager.csproj", "{E824ACBB-90C8-4C60-9D52-9C8020E98E3E}"
EndProject
Project("{FAE04EC0-301F-11D3-BF4B-00C04F79EFBC}") = "ChinhDo.Transactions.FileManagerTest", "ChinhDo.Transactions.FileManagerTest\ChinhDo.Transactions.FileManagerTest.csproj", "{2C3F1182-D243-448C-84B0-2F869A96A871}"
EndProject
Global
	GlobalSection(SolutionConfigurationPlatforms) = preSolution
		Debug|Any CPU = Debug|Any CPU
		Release|Any CPU = Release|Any CPU
	EndGlobalSection
	GlobalSection(ProjectConfigurationPlatforms) = postSolution
		{E824ACBB-90C8-4C60-9D52-9C8020E98E3E}.Debug|Any CPU.ActiveCfg = Debug|Any CPU
		{E824ACBB-90C8-4C60-9D52-9C8020E98E3E}.Debug|Any CPU.Build.0 = Debug|Any CPU
		{E824ACBB-90C8-4C60-9D52-9C8020E98E3E}.Release|Any CPU.ActiveCfg = Release|Any CPU
		{E824ACBB-90C8-4C60-9D52-9C8020E98E3E}.Release|Any CPU.Build.0 = Release|Any CPU
		{2C3F1182-D243-448C-84B0-2F869A96A871}.Debug|Any CPU.ActiveCfg = Debug|Any CPU
		{2C3F1182-D243-448C-84B0-2F869A96A871}.Debug|Any CPU.Build.0 = Debug|Any CPU
		{2C3F1182-D243-448C-84B0-2F869A96A871}.Release|Any CPU.ActiveCfg = Release|Any CPU
		{2C3F1182-D243-448C-84B0-2F869A96A871}.Release|Any CPU.Build.0 = Release|Any CPU
	EndGlobalSection
	GlobalSection(SolutionProperties) = preSolution
		HideSolutionNode = FALSE
	EndGlobalSection
EndGlobal
